{
  "name": "tradfri-party",
  "version": "1.0.0",
  "lockfileVersion": 1,
  "requires": true,
  "dependencies": {
    "@snyk/protect": {
      "version": "1.1110.0",
      "resolved": "https://registry.npmjs.org/@snyk/protect/-/protect-1.1110.0.tgz",
      "integrity": "sha512-fey2HEdhCm6qD23f2sZdFu9B4ckgCgpLIDgUGFbRZhhYaF8sUhQSZe5SAegNU7npDHO52jz+J7CJjGbsk5f1ow=="
    },
    "dotenv": {
      "version": "6.2.0",
      "resolved": "https://registry.npmjs.org/dotenv/-/dotenv-6.2.0.tgz",
      "integrity": "sha512-HygQCKUBSFl8wKQZBSemMywRWcEDNidvNbjGVyZu3nbZ8qq9ubiPoGLMdRDpfSrpkkm9BXYFkpKxxFX38o/76w=="
    },
    "lodash": {
      "version": "4.17.4",
      "resolved": "https://registry.npmjs.org/lodash/-/lodash-4.17.4.tgz",
      "integrity": "sha1-eCA6TRwyiuHYbcpkYONptX9AVa4="
    },
    "node-tradfri": {
      "version": "0.2.3",
      "resolved": "https://registry.npmjs.org/node-tradfri/-/node-tradfri-0.2.3.tgz",
      "integrity": "sha1-MW/lo4Lhz9RY9g1E4C8okGkKa0k=",
      "requires": {
        "lodash": "4.17.4",
        "uuid": "3.1.0"
      }
    },
    "uuid": {
      "version": "3.1.0",
      "resolved": "https://registry.npmjs.org/uuid/-/uuid-3.1.0.tgz",
      "integrity": "sha512-DIWtzUkw04M4k3bf1IcpS2tngXEL26YUD2M0tMDUpnUrz2hgzUBlD55a4FjdLGPvfHxS6uluGWvaVEqgBcVa+g=="
    }
  }
}
